
Microsoft Visual Studio Solution File, Format Version 12.00
# Visual Studio Version 16
VisualStudioVersion = 16.0.30309.148
MinimumVisualStudioVersion = 10.0.40219.1
Project("{888888A0-9F3D-457C-B088-3A5042F75D52}") = "Gatekeeper", "Gatekeeper\Gatekeeper.pyproj", "{EFA944C9-8C72-49D2-83AE-96DA196B320B}"
EndProject
Global
	GlobalSection(SolutionConfigurationPlatforms) = preSolution
		Debug|Any CPU = Debug|Any CPU
		Release|Any CPU = Release|Any CPU
	EndGlobalSection
	GlobalSection(ProjectConfigurationPlatforms) = postSolution
		{EFA944C9-8C72-49D2-83AE-96DA196B320B}.Debug|Any CPU.ActiveCfg = Debug|Any CPU
		{EFA944C9-8C72-49D2-83AE-96DA196B320B}.Release|Any CPU.ActiveCfg = Release|Any CPU
	EndGlobalSection
	GlobalSection(SolutionProperties) = preSolution
		HideSolutionNode = FALSE
	EndGlobalSection
	GlobalSection(ExtensibilityGlobals) = postSolution
		SolutionGuid = {E2EEA91F-F4B5-4B76-BB8B-94B345BAC09F}
	EndGlobalSection
EndGlobal
